// !$*UTF8*$!
{
	archiveVersion = 1;
	classes = {
	};
	objectVersion = 55;
	objects = {

/* Begin PBXBuildFile section */
		743FFB7C27CB5928002D58E0 /* AppDelegate.swift in Sources */ = {isa = PBXBuildFile; fileRef = 743FFB7B27CB5928002D58E0 /* AppDelegate.swift */; };
		743FFB7E27CB5928002D58E0 /* SceneDelegate.swift in Sources */ = {isa = PBXBuildFile; fileRef = 743FFB7D27CB5928002D58E0 /* SceneDelegate.swift */; };
		743FFB8027CB5928002D58E0 /* ViewController.swift in Sources */ = {isa = PBXBuildFile; fileRef = 743FFB7F27CB5928002D58E0 /* ViewController.swift */; };
		743FFB8327CB5928002D58E0 /* Main.storyboard in Resources */ = {isa = PBXBuildFile; fileRef = 743FFB8127CB5928002D58E0 /* Main.storyboard */; };
		743FFB8527CB5929002D58E0 /* Assets.xcassets in Resources */ = {isa = PBXBuildFile; fileRef = 743FFB8427CB5929002D58E0 /* Assets.xcassets */; };
		743FFB8827CB5929002D58E0 /* LaunchScreen.storyboard in Resources */ = {isa = PBXBuildFile; fileRef = 743FFB8627CB5929002D58E0 /* LaunchScreen.storyboard */; };
		743FFB9327CB5929002D58E0 /* FlixTests.swift in Sources */ = {isa = PBXBuildFile; fileRef = 743FFB9227CB5929002D58E0 /* FlixTests.swift */; };
		743FFB9D27CB5929002D58E0 /* FlixUITests.swift in Sources */ = {isa = PBXBuildFile; fileRef = 743FFB9C27CB5929002D58E0 /* FlixUITests.swift */; };
		743FFB9F27CB5929002D58E0 /* FlixUITestsLaunchTests.swift in Sources */ = {isa = PBXBuildFile; fileRef = 743FFB9E27CB5929002D58E0 /* FlixUITestsLaunchTests.swift */; };
		743FFBAC27CC1C2A002D58E0 /* movieTableViewCell.swift in Sources */ = {isa = PBXBuildFile; fileRef = 743FFBAB27CC1C2A002D58E0 /* movieTableViewCell.swift */; };
/* End PBXBuildFile section */

/* Begin PBXContainerItemProxy section */
		743FFB8F27CB5929002D58E0 /* PBXContainerItemProxy */ = {
			isa = PBXContainerItemProxy;
			containerPortal = 743FFB7027CB5928002D58E0 /* Project object */;
			proxyType = 1;
			remoteGlobalIDString = 743FFB7727CB5928002D58E0;
			remoteInfo = Flix;
		};
		743FFB9927CB5929002D58E0 /* PBXContainerItemProxy */ = {
			isa = PBXContainerItemProxy;
			containerPortal = 743FFB7027CB5928002D58E0 /* Project object */;
			proxyType = 1;
			remoteGlobalIDString = 743FFB7727CB5928002D58E0;
			remoteInfo = Flix;
		};
/* End PBXContainerItemProxy section */

/* Begin PBXFileReference section */
		743FFB7827CB5928002D58E0 /* Flix.app */ = {isa = PBXFileReference; explicitFileType = wrapper.application; includeInIndex = 0; path = Flix.app; sourceTree = BUILT_PRODUCTS_DIR; };
		743FFB7B27CB5928002D58E0 /* AppDelegate.swift */ = {isa = PBXFileReference; lastKnownFileType = sourcecode.swift; path = AppDelegate.swift; sourceTree = "<group>"; };
		743FFB7D27CB5928002D58E0 /* SceneDelegate.swift */ = {isa = PBXFileReference; lastKnownFileType = sourcecode.swift; path = SceneDelegate.swift; sourceTree = "<group>"; };
		743FFB7F27CB5928002D58E0 /* ViewController.swift */ = {isa = PBXFileReference; lastKnownFileType = sourcecode.swift; path = ViewController.swift; sourceTree = "<group>"; };
		743FFB8227CB5928002D58E0 /* Base */ = {isa = PBXFileReference; lastKnownFileType = file.storyboard; name = Base; path = Base.lproj/Main.storyboard; sourceTree = "<group>"; };
		743FFB8427CB5929002D58E0 /* Assets.xcassets */ = {isa = PBXFileReference; lastKnownFileType = folder.assetcatalog; path = Assets.xcassets; sourceTree = "<group>"; };
		743FFB8727CB5929002D58E0 /* Base */ = {isa = PBXFileReference; lastKnownFileType = file.storyboard; name = Base; path = Base.lproj/LaunchScreen.storyboard; sourceTree = "<group>"; };
		743FFB8927CB5929002D58E0 /* Info.plist */ = {isa = PBXFileReference; lastKnownFileType = text.plist.xml; path = Info.plist; sourceTree = "<group>"; };
		743FFB8E27CB5929002D58E0 /* FlixTests.xctest */ = {isa = PBXFileReference; explicitFileType = wrapper.cfbundle; includeInIndex = 0; path = FlixTests.xctest; sourceTree = BUILT_PRODUCTS_DIR; };
		743FFB9227CB5929002D58E0 /* FlixTests.swift */ = {isa = PBXFileReference; lastKnownFileType = sourcecode.swift; path = FlixTests.swift; sourceTree = "<group>"; };
		743FFB9827CB5929002D58E0 /* FlixUITests.xctest */ = {isa = PBXFileReference; explicitFileType = wrapper.cfbundle; includeInIndex = 0; path = FlixUITests.xctest; sourceTree = BUILT_PRODUCTS_DIR; };
		743FFB9C27CB5929002D58E0 /* FlixUITests.swift */ = {isa = PBXFileReference; lastKnownFileType = sourcecode.swift; path = FlixUITests.swift; sourceTree = "<group>"; };
		743FFB9E27CB5929002D58E0 /* FlixUITestsLaunchTests.swift */ = {isa = PBXFileReference; lastKnownFileType = sourcecode.swift; path = FlixUITestsLaunchTests.swift; sourceTree = "<group>"; };
		743FFBAB27CC1C2A002D58E0 /* movieTableViewCell.swift */ = {isa = PBXFileReference; lastKnownFileType = sourcecode.swift; path = movieTableViewCell.swift; sourceTree = "<group>"; };
/* End PBXFileReference section */

/* Begin PBXFrameworksBuildPhase section */
		743FFB7527CB5928002D58E0 /* Frameworks */ = {
			isa = PBXFrameworksBuildPhase;
			buildActionMask = 2147483647;
			files = (
			);
			runOnlyForDeploymentPostprocessing = 0;
		};
		743FFB8B27CB5929002D58E0 /* Frameworks */ = {
			isa = PBXFrameworksBuildPhase;
			buildActionMask = 2147483647;
			files = (
			);
			runOnlyForDeploymentPostprocessing = 0;
		};
		743FFB9527CB5929002D58E0 /* Frameworks */ = {
			isa = PBXFrameworksBuildPhase;
			buildActionMask = 2147483647;
			files = (
			);
			runOnlyForDeploymentPostprocessing = 0;
		};
/* End PBXFrameworksBuildPhase section */

/* Begin PBXGroup section */
		743FFB6F27CB5928002D58E0 = {
			isa = PBXGroup;
			children = (
				743FFB7A27CB5928002D58E0 /* Flix */,
				743FFB9127CB5929002D58E0 /* FlixTests */,
				743FFB9B27CB5929002D58E0 /* FlixUITests */,
				743FFB7927CB5928002D58E0 /* Products */,
			);
			sourceTree = "<group>";
		};
		743FFB7927CB5928002D58E0 /* Products */ = {
			isa = PBXGroup;
			children = (
				743FFB7827CB5928002D58E0 /* Flix.app */,
				743FFB8E27CB5929002D58E0 /* FlixTests.xctest */,
				743FFB9827CB5929002D58E0 /* FlixUITests.xctest */,
			);
			name = Products;
			sourceTree = "<group>";
		};
		743FFB7A27CB5928002D58E0 /* Flix */ = {
			isa = PBXGroup;
			children = (
				743FFB7B27CB5928002D58E0 /* AppDelegate.swift */,
				743FFB7D27CB5928002D58E0 /* SceneDelegate.swift */,
				743FFB7F27CB5928002D58E0 /* ViewController.swift */,
				743FFB8127CB5928002D58E0 /* Main.storyboard */,
				743FFBAB27CC1C2A002D58E0 /* movieTableViewCell.swift */,
				743FFB8427CB5929002D58E0 /* Assets.xcassets */,
				743FFB8627CB5929002D58E0 /* LaunchScreen.storyboard */,
				743FFB8927CB5929002D58E0 /* Info.plist */,
			);
			path = Flix;
			sourceTree = "<group>";
		};
		743FFB9127CB5929002D58E0 /* FlixTests */ = {
			isa = PBXGroup;
			children = (
				743FFB9227CB5929002D58E0 /* FlixTests.swift */,
			);
			path = FlixTests;
			sourceTree = "<group>";
		};
		743FFB9B27CB5929002D58E0 /* FlixUITests */ = {
			isa = PBXGroup;
			children = (
				743FFB9C27CB5929002D58E0 /* FlixUITests.swift */,
				743FFB9E27CB5929002D58E0 /* FlixUITestsLaunchTests.swift */,
			);
			path = FlixUITests;
			sourceTree = "<group>";
		};
/* End PBXGroup section */

/* Begin PBXNativeTarget section */
		743FFB7727CB5928002D58E0 /* Flix */ = {
			isa = PBXNativeTarget;
			buildConfigurationList = 743FFBA227CB5929002D58E0 /* Build configuration list for PBXNativeTarget "Flix" */;
			buildPhases = (
				743FFB7427CB5928002D58E0 /* Sources */,
				743FFB7527CB5928002D58E0 /* Frameworks */,
				743FFB7627CB5928002D58E0 /* Resources */,
			);
			buildRules = (
			);
			dependencies = (
			);
			name = Flix;
			productName = Flix;
			productReference = 743FFB7827CB5928002D58E0 /* Flix.app */;
			productType = "com.apple.product-type.application";
		};
		743FFB8D27CB5929002D58E0 /* FlixTests */ = {
			isa = PBXNativeTarget;
			buildConfigurationList = 743FFBA527CB5929002D58E0 /* Build configuration list for PBXNativeTarget "FlixTests" */;
			buildPhases = (
				743FFB8A27CB5929002D58E0 /* Sources */,
				743FFB8B27CB5929002D58E0 /* Frameworks */,
				743FFB8C27CB5929002D58E0 /* Resources */,
			);
			buildRules = (
			);
			dependencies = (
				743FFB9027CB5929002D58E0 /* PBXTargetDependency */,
			);
			name = FlixTests;
			productName = FlixTests;
			productReference = 743FFB8E27CB5929002D58E0 /* FlixTests.xctest */;
			productType = "com.apple.product-type.bundle.unit-test";
		};
		743FFB9727CB5929002D58E0 /* FlixUITests */ = {
			isa = PBXNativeTarget;
			buildConfigurationList = 743FFBA827CB5929002D58E0 /* Build configuration list for PBXNativeTarget "FlixUITests" */;
			buildPhases = (
				743FFB9427CB5929002D58E0 /* Sources */,
				743FFB9527CB5929002D58E0 /* Frameworks */,
				743FFB9627CB5929002D58E0 /* Resources */,
			);
			buildRules = (
			);
			dependencies = (
				743FFB9A27CB5929002D58E0 /* PBXTargetDependency */,
			);
			name = FlixUITests;
			productName = FlixUITests;
			productReference = 743FFB9827CB5929002D58E0 /* FlixUITests.xctest */;
			productType = "com.apple.product-type.bundle.ui-testing";
		};
/* End PBXNativeTarget section */

/* Begin PBXProject section */
		743FFB7027CB5928002D58E0 /* Project object */ = {
			isa = PBXProject;
			attributes = {
				BuildIndependentTargetsInParallel = 1;
				LastSwiftUpdateCheck = 1320;
				LastUpgradeCheck = 1320;
				TargetAttributes = {
					743FFB7727CB5928002D58E0 = {
						CreatedOnToolsVersion = 13.2.1;
					};
					743FFB8D27CB5929002D58E0 = {
						CreatedOnToolsVersion = 13.2.1;
						TestTargetID = 743FFB7727CB5928002D58E0;
					};
					743FFB9727CB5929002D58E0 = {
						CreatedOnToolsVersion = 13.2.1;
						TestTargetID = 743FFB7727CB5928002D58E0;
					};
				};
			};
			buildConfigurationList = 743FFB7327CB5928002D58E0 /* Build configuration list for PBXProject "Flix" */;
			compatibilityVersion = "Xcode 13.0";
			developmentRegion = en;
			hasScannedForEncodings = 0;
			knownRegions = (
				en,
				Base,
			);
			mainGroup = 743FFB6F27CB5928002D58E0;
			productRefGroup = 743FFB7927CB5928002D58E0 /* Products */;
			projectDirPath = "";
			projectRoot = "";
			targets = (
				743FFB7727CB5928002D58E0 /* Flix */,
				743FFB8D27CB5929002D58E0 /* FlixTests */,
				743FFB9727CB5929002D58E0 /* FlixUITests */,
			);
		};
/* End PBXProject section */

/* Begin PBXResourcesBuildPhase section */
		743FFB7627CB5928002D58E0 /* Resources */ = {
			isa = PBXResourcesBuildPhase;
			buildActionMask = 2147483647;
			files = (
				743FFB8827CB5929002D58E0 /* LaunchScreen.storyboard in Resources */,
				743FFB8527CB5929002D58E0 /* Assets.xcassets in Resources */,
				743FFB8327CB5928002D58E0 /* Main.storyboard in Resources */,
			);
			runOnlyForDeploymentPostprocessing = 0;
		};
		743FFB8C27CB5929002D58E0 /* Resources */ = {
			isa = PBXResourcesBuildPhase;
			buildActionMask = 2147483647;
			files = (
			);
			runOnlyForDeploymentPostprocessing = 0;
		};
		743FFB9627CB5929002D58E0 /* Resources */ = {
			isa = PBXResourcesBuildPhase;
			buildActionMask = 2147483647;
			files = (
			);
			runOnlyForDeploymentPostprocessing = 0;
		};
/* End PBXResourcesBuildPhase section */

/* Begin PBXSourcesBuildPhase section */
		743FFB7427CB5928002D58E0 /* Sources */ = {
			isa = PBXSourcesBuildPhase;
			buildActionMask = 2147483647;
			files = (
				743FFB8027CB5928002D58E0 /* ViewController.swift in Sources */,
				743FFB7C27CB5928002D58E0 /* AppDelegate.swift in Sources */,
				743FFBAC27CC1C2A002D58E0 /* movieTableViewCell.swift in Sources */,
				743FFB7E27CB5928002D58E0 /* SceneDelegate.swift in Sources */,
			);
			runOnlyForDeploymentPostprocessing = 0;
		};
		743FFB8A27CB5929002D58E0 /* Sources */ = {
			isa = PBXSourcesBuildPhase;
			buildActionMask = 2147483647;
			files = (
				743FFB9327CB5929002D58E0 /* FlixTests.swift in Sources */,
			);
			runOnlyForDeploymentPostprocessing = 0;
		};
		743FFB9427CB5929002D58E0 /* Sources */ = {
			isa = PBXSourcesBuildPhase;
			buildActionMask = 2147483647;
			files = (
				743FFB9D27CB5929002D58E0 /* FlixUITests.swift in Sources */,
				743FFB9F27CB5929002D58E0 /* FlixUITestsLaunchTests.swift in Sources */,
			);
			runOnlyForDeploymentPostprocessing = 0;
		};
/* End PBXSourcesBuildPhase section */

/* Begin PBXTargetDependency section */
		743FFB9027CB5929002D58E0 /* PBXTargetDependency */ = {
			isa = PBXTargetDependency;
			target = 743FFB7727CB5928002D58E0 /* Flix */;
			targetProxy = 743FFB8F27CB5929002D58E0 /* PBXContainerItemProxy */;
		};
		743FFB9A27CB5929002D58E0 /* PBXTargetDependency */ = {
			isa = PBXTargetDependency;
			target = 743FFB7727CB5928002D58E0 /* Flix */;
			targetProxy = 743FFB9927CB5929002D58E0 /* PBXContainerItemProxy */;
		};
/* End PBXTargetDependency section */

/* Begin PBXVariantGroup section */
		743FFB8127CB5928002D58E0 /* Main.storyboard */ = {
			isa = PBXVariantGroup;
			children = (
				743FFB8227CB5928002D58E0 /* Base */,
			);
			name = Main.storyboard;
			sourceTree = "<group>";
		};
		743FFB8627CB5929002D58E0 /* LaunchScreen.storyboard */ = {
			isa = PBXVariantGroup;
			children = (
				743FFB8727CB5929002D58E0 /* Base */,
			);
			name = LaunchScreen.storyboard;
			sourceTree = "<group>";
		};
/* End PBXVariantGroup section */

/* Begin XCBuildConfiguration section */
		743FFBA027CB5929002D58E0 /* Debug */ = {
			isa = XCBuildConfiguration;
			buildSettings = {
				ALWAYS_SEARCH_USER_PATHS = NO;
				CLANG_ANALYZER_NONNULL = YES;
				CLANG_ANALYZER_NUMBER_OBJECT_CONVERSION = YES_AGGRESSIVE;
				CLANG_CXX_LANGUAGE_STANDARD = "gnu++17";
				CLANG_CXX_LIBRARY = "libc++";
				CLANG_ENABLE_MODULES = YES;
				CLANG_ENABLE_OBJC_ARC = YES;
				CLANG_ENABLE_OBJC_WEAK = YES;
				CLANG_WARN_BLOCK_CAPTURE_AUTORELEASING = YES;
				CLANG_WARN_BOOL_CONVERSION = YES;
				CLANG_WARN_COMMA = YES;
				CLANG_WARN_CONSTANT_CONVERSION = YES;
				CLANG_WARN_DEPRECATED_OBJC_IMPLEMENTATIONS = YES;
				CLANG_WARN_DIRECT_OBJC_ISA_USAGE = YES_ERROR;
				CLANG_WARN_DOCUMENTATION_COMMENTS = YES;
				CLANG_WARN_EMPTY_BODY = YES;
				CLANG_WARN_ENUM_CONVERSION = YES;
				CLANG_WARN_INFINITE_RECURSION = YES;
				CLANG_WARN_INT_CONVERSION = YES;
				CLANG_WARN_NON_LITERAL_NULL_CONVERSION = YES;
				CLANG_WARN_OBJC_IMPLICIT_RETAIN_SELF = YES;
				CLANG_WARN_OBJC_LITERAL_CONVERSION = YES;
				CLANG_WARN_OBJC_ROOT_CLASS = YES_ERROR;
				CLANG_WARN_QUOTED_INCLUDE_IN_FRAMEWORK_HEADER = YES;
				CLANG_WARN_RANGE_LOOP_ANALYSIS = YES;
				CLANG_WARN_STRICT_PROTOTYPES = YES;
				CLANG_WARN_SUSPICIOUS_MOVE = YES;
				CLANG_WARN_UNGUARDED_AVAILABILITY = YES_AGGRESSIVE;
				CLANG_WARN_UNREACHABLE_CODE = YES;
				CLANG_WARN__DUPLICATE_METHOD_MATCH = YES;
				COPY_PHASE_STRIP = NO;
				DEBUG_INFORMATION_FORMAT = dwarf;
				ENABLE_STRICT_OBJC_MSGSEND = YES;
				ENABLE_TESTABILITY = YES;
				GCC_C_LANGUAGE_STANDARD = gnu11;
				GCC_DYNAMIC_NO_PIC = NO;
				GCC_NO_COMMON_BLOCKS = YES;
				GCC_OPTIMIZATION_LEVEL = 0;
				GCC_PREPROCESSOR_DEFINITIONS = (
					"DEBUG=1",
					"$(inherited)",
				);
				GCC_WARN_64_TO_32_BIT_CONVERSION = YES;
				GCC_WARN_ABOUT_RETURN_TYPE = YES_ERROR;
				GCC_WARN_UNDECLARED_SELECTOR = YES;
				GCC_WARN_UNINITIALIZED_AUTOS = YES_AGGRESSIVE;
				GCC_WARN_UNUSED_FUNCTION = YES;
				GCC_WARN_UNUSED_VARIABLE = YES;
				IPHONEOS_DEPLOYMENT_TARGET = 15.2;
				MTL_ENABLE_DEBUG_INFO = INCLUDE_SOURCE;
				MTL_FAST_MATH = YES;
				ONLY_ACTIVE_ARCH = YES;
				SDKROOT = iphoneos;
				SWIFT_ACTIVE_COMPILATION_CONDITIONS = DEBUG;
				SWIFT_OPTIMIZATION_LEVEL = "-Onone";
			};
			name = Debug;
		};
		743FFBA127CB5929002D58E0 /* Release */ = {
			isa = XCBuildConfiguration;
			buildSettings = {
				ALWAYS_SEARCH_USER_PATHS = NO;
				CLANG_ANALYZER_NONNULL = YES;
				CLANG_ANALYZER_NUMBER_OBJECT_CONVERSION = YES_AGGRESSIVE;
				CLANG_CXX_LANGUAGE_STANDARD = "gnu++17";
				CLANG_CXX_LIBRARY = "libc++";
				CLANG_ENABLE_MODULES = YES;
				CLANG_ENABLE_OBJC_ARC = YES;
				CLANG_ENABLE_OBJC_WEAK = YES;
				CLANG_WARN_BLOCK_CAPTURE_AUTORELEASING = YES;
				CLANG_WARN_BOOL_CONVERSION = YES;
				CLANG_WARN_COMMA = YES;
				CLANG_WARN_CONSTANT_CONVERSION = YES;
				CLANG_WARN_DEPRECATED_OBJC_IMPLEMENTATIONS = YES;
				CLANG_WARN_DIRECT_OBJC_ISA_USAGE = YES_ERROR;
				CLANG_WARN_DOCUMENTATION_COMMENTS = YES;
				CLANG_WARN_EMPTY_BODY = YES;
				CLANG_WARN_ENUM_CONVERSION = YES;
				CLANG_WARN_INFINITE_RECURSION = YES;
				CLANG_WARN_INT_CONVERSION = YES;
				CLANG_WARN_NON_LITERAL_NULL_CONVERSION = YES;
				CLANG_WARN_OBJC_IMPLICIT_RETAIN_SELF = YES;
				CLANG_WARN_OBJC_LITERAL_CONVERSION = YES;
				CLANG_WARN_OBJC_ROOT_CLASS = YES_ERROR;
				CLANG_WARN_QUOTED_INCLUDE_IN_FRAMEWORK_HEADER = YES;
				CLANG_WARN_RANGE_LOOP_ANALYSIS = YES;
				CLANG_WARN_STRICT_PROTOTYPES = YES;
				CLANG_WARN_SUSPICIOUS_MOVE = YES;
				CLANG_WARN_UNGUARDED_AVAILABILITY = YES_AGGRESSIVE;
				CLANG_WARN_UNREACHABLE_CODE = YES;
				CLANG_WARN__DUPLICATE_METHOD_MATCH = YES;
				COPY_PHASE_STRIP = NO;
				DEBUG_INFORMATION_FORMAT = "dwarf-with-dsym";
				ENABLE_NS_ASSERTIONS = NO;
				ENABLE_STRICT_OBJC_MSGSEND = YES;
				GCC_C_LANGUAGE_STANDARD = gnu11;
				GCC_NO_COMMON_BLOCKS = YES;
				GCC_WARN_64_TO_32_BIT_CONVERSION = YES;
				GCC_WARN_ABOUT_RETURN_TYPE = YES_ERROR;
				GCC_WARN_UNDECLARED_SELECTOR = YES;
				GCC_WARN_UNINITIALIZED_AUTOS = YES_AGGRESSIVE;
				GCC_WARN_UNUSED_FUNCTION = YES;
				GCC_WARN_UNUSED_VARIABLE = YES;
				IPHONEOS_DEPLOYMENT_TARGET = 15.2;
				MTL_ENABLE_DEBUG_INFO = NO;
				MTL_FAST_MATH = YES;
				SDKROOT = iphoneos;
				SWIFT_COMPILATION_MODE = wholemodule;
				SWIFT_OPTIMIZATION_LEVEL = "-O";
				VALIDATE_PRODUCT = YES;
			};
			name = Release;
		};
		743FFBA327CB5929002D58E0 /* Debug */ = {
			isa = XCBuildConfiguration;
			buildSettings = {
				ASSETCATALOG_COMPILER_APPICON_NAME = AppIcon;
				ASSETCATALOG_COMPILER_GLOBAL_ACCENT_COLOR_NAME = AccentColor;
				CODE_SIGN_STYLE = Automatic;
				CURRENT_PROJECT_VERSION = 1;
				DEVELOPMENT_TEAM = 27PC7TJS2W;
				GENERATE_INFOPLIST_FILE = YES;
				INFOPLIST_FILE = Flix/Info.plist;
				INFOPLIST_KEY_UIApplicationSupportsIndirectInputEvents = YES;
				INFOPLIST_KEY_UILaunchStoryboardName = LaunchScreen;
				INFOPLIST_KEY_UIMainStoryboardFile = Main;
				INFOPLIST_KEY_UISupportedInterfaceOrientations_iPad = "UIInterfaceOrientationPortrait UIInterfaceOrientationPortraitUpsideDown UIInterfaceOrientationLandscapeLeft UIInterfaceOrientationLandscapeRight";
				INFOPLIST_KEY_UISupportedInterfaceOrientations_iPhone = "UIInterfaceOrientationPortrait UIInterfaceOrientationLandscapeLeft UIInterfaceOrientationLandscapeRight";
				LD_RUNPATH_SEARCH_PATHS = (
					"$(inherited)",
					"@executable_path/Frameworks",
				);
				MARKETING_VERSION = 1.0;
				PRODUCT_BUNDLE_IDENTIFIER = jaec.Flix;
				PRODUCT_NAME = "$(TARGET_NAME)";
				SWIFT_EMIT_LOC_STRINGS = YES;
				SWIFT_VERSION = 5.0;
				TARGETED_DEVICE_FAMILY = "1,2";
			};
			name = Debug;
		};
		743FFBA427CB5929002D58E0 /* Release */ = {
			isa = XCBuildConfiguration;
			buildSettings = {
				ASSETCATALOG_COMPILER_APPICON_NAME = AppIcon;
				ASSETCATALOG_COMPILER_GLOBAL_ACCENT_COLOR_NAME = AccentColor;
				CODE_SIGN_STYLE = Automatic;
				CURRENT_PROJECT_VERSION = 1;
				DEVELOPMENT_TEAM = 27PC7TJS2W;
				GENERATE_INFOPLIST_FILE = YES;
				INFOPLIST_FILE = Flix/Info.plist;
				INFOPLIST_KEY_UIApplicationSupportsIndirectInputEvents = YES;
				INFOPLIST_KEY_UILaunchStoryboardName = LaunchScreen;
				INFOPLIST_KEY_UIMainStoryboardFile = Main;
				INFOPLIST_KEY_UISupportedInterfaceOrientations_iPad = "UIInterfaceOrientationPortrait UIInterfaceOrientationPortraitUpsideDown UIInterfaceOrientationLandscapeLeft UIInterfaceOrientationLandscapeRight";
				INFOPLIST_KEY_UISupportedInterfaceOrientations_iPhone = "UIInterfaceOrientationPortrait UIInterfaceOrientationLandscapeLeft UIInterfaceOrientationLandscapeRight";
				LD_RUNPATH_SEARCH_PATHS = (
					"$(inherited)",
					"@executable_path/Frameworks",
				);
				MARKETING_VERSION = 1.0;
				PRODUCT_BUNDLE_IDENTIFIER = jaec.Flix;
				PRODUCT_NAME = "$(TARGET_NAME)";
				SWIFT_EMIT_LOC_STRINGS = YES;
				SWIFT_VERSION = 5.0;
				TARGETED_DEVICE_FAMILY = "1,2";
			};
			name = Release;
		};
		743FFBA627CB5929002D58E0 /* Debug */ = {
			isa = XCBuildConfiguration;
			buildSettings = {
				ALWAYS_EMBED_SWIFT_STANDARD_LIBRARIES = YES;
				BUNDLE_LOADER = "$(TEST_HOST)";
				CODE_SIGN_STYLE = Automatic;
				CURRENT_PROJECT_VERSION = 1;
				DEVELOPMENT_TEAM = 27PC7TJS2W;
				GENERATE_INFOPLIST_FILE = YES;
				IPHONEOS_DEPLOYMENT_TARGET = 15.2;
				MARKETING_VERSION = 1.0;
				PRODUCT_BUNDLE_IDENTIFIER = jaec.FlixTests;
				PRODUCT_NAME = "$(TARGET_NAME)";
				SWIFT_EMIT_LOC_STRINGS = NO;
				SWIFT_VERSION = 5.0;
				TARGETED_DEVICE_FAMILY = "1,2";
				TEST_HOST = "$(BUILT_PRODUCTS_DIR)/Flix.app/Flix";
			};
			name = Debug;
		};
		743FFBA727CB5929002D58E0 /* Release */ = {
			isa = XCBuildConfiguration;
			buildSettings = {
				ALWAYS_EMBED_SWIFT_STANDARD_LIBRARIES = YES;
				BUNDLE_LOADER = "$(TEST_HOST)";
				CODE_SIGN_STYLE = Automatic;
				CURRENT_PROJECT_VERSION = 1;
				DEVELOPMENT_TEAM = 27PC7TJS2W;
				GENERATE_INFOPLIST_FILE = YES;
				IPHONEOS_DEPLOYMENT_TARGET = 15.2;
				MARKETING_VERSION = 1.0;
				PRODUCT_BUNDLE_IDENTIFIER = jaec.FlixTests;
				PRODUCT_NAME = "$(TARGET_NAME)";
				SWIFT_EMIT_LOC_STRINGS = NO;
				SWIFT_VERSION = 5.0;
				TARGETED_DEVICE_FAMILY = "1,2";
				TEST_HOST = "$(BUILT_PRODUCTS_DIR)/Flix.app/Flix";
			};
			name = Release;
		};
		743FFBA927CB5929002D58E0 /* Debug */ = {
			isa = XCBuildConfiguration;
			buildSettings = {
				ALWAYS_EMBED_SWIFT_STANDARD_LIBRARIES = YES;
				CODE_SIGN_STYLE = Automatic;
				CURRENT_PROJECT_VERSION = 1;
				DEVELOPMENT_TEAM = 27PC7TJS2W;
				GENERATE_INFOPLIST_FILE = YES;
				MARKETING_VERSION = 1.0;
				PRODUCT_BUNDLE_IDENTIFIER = jaec.FlixUITests;
				PRODUCT_NAME = "$(TARGET_NAME)";
				SWIFT_EMIT_LOC_STRINGS = NO;
				SWIFT_VERSION = 5.0;
				TARGETED_DEVICE_FAMILY = "1,2";
				TEST_TARGET_NAME = Flix;
			};
			name = Debug;
		};
		743FFBAA27CB5929002D58E0 /* Release */ = {
			isa = XCBuildConfiguration;
			buildSettings = {
				ALWAYS_EMBED_SWIFT_STANDARD_LIBRARIES = YES;
				CODE_SIGN_STYLE = Automatic;
				CURRENT_PROJECT_VERSION = 1;
				DEVELOPMENT_TEAM = 27PC7TJS2W;
				GENERATE_INFOPLIST_FILE = YES;
				MARKETING_VERSION = 1.0;
				PRODUCT_BUNDLE_IDENTIFIER = jaec.FlixUITests;
				PRODUCT_NAME = "$(TARGET_NAME)";
				SWIFT_EMIT_LOC_STRINGS = NO;
				SWIFT_VERSION = 5.0;
				TARGETED_DEVICE_FAMILY = "1,2";
				TEST_TARGET_NAME = Flix;
			};
			name = Release;
		};
/* End XCBuildConfiguration section */

/* Begin XCConfigurationList section */
		743FFB7327CB5928002D58E0 /* Build configuration list for PBXProject "Flix" */ = {
			isa = XCConfigurationList;
			buildConfigurations = (
				743FFBA027CB5929002D58E0 /* Debug */,
				743FFBA127CB5929002D58E0 /* Release */,
			);
			defaultConfigurationIsVisible = 0;
			defaultConfigurationName = Release;
		};
		743FFBA227CB5929002D58E0 /* Build configuration list for PBXNativeTarget "Flix" */ = {
			isa = XCConfigurationList;
			buildConfigurations = (
				743FFBA327CB5929002D58E0 /* Debug */,
				743FFBA427CB5929002D58E0 /* Release */,
			);
			defaultConfigurationIsVisible = 0;
			defaultConfigurationName = Release;
		};
		743FFBA527CB5929002D58E0 /* Build configuration list for PBXNativeTarget "FlixTests" */ = {
			isa = XCConfigurationList;
			buildConfigurations = (
				743FFBA627CB5929002D58E0 /* Debug */,
				743FFBA727CB5929002D58E0 /* Release */,
			);
			defaultConfigurationIsVisible = 0;
			defaultConfigurationName = Release;
		};
		743FFBA827CB5929002D58E0 /* Build configuration list for PBXNativeTarget "FlixUITests" */ = {
			isa = XCConfigurationList;
			buildConfigurations = (
				743FFBA927CB5929002D58E0 /* Debug */,
				743FFBAA27CB5929002D58E0 /* Release */,
			);
			defaultConfigurationIsVisible = 0;
			defaultConfigurationName = Release;
		};
/* End XCConfigurationList section */
	};
	rootObject = 743FFB7027CB5928002D58E0 /* Project object */;
}
